// !$*UTF8*$!
{
	archiveVersion = 1;
	classes = {
	};
	objectVersion = 52;
	objects = {

/* Begin PBXBuildFile section */
		896BFEA323A105C3003DD4C1 /* AppDelegate.swift in Sources */ = {isa = PBXBuildFile; fileRef = 896BFEA223A105C3003DD4C1 /* AppDelegate.swift */; };
		896BFEA523A105C3003DD4C1 /* SceneDelegate.swift in Sources */ = {isa = PBXBuildFile; fileRef = 896BFEA423A105C3003DD4C1 /* SceneDelegate.swift */; };
		896BFEA723A105C3003DD4C1 /* ContentView.swift in Sources */ = {isa = PBXBuildFile; fileRef = 896BFEA623A105C3003DD4C1 /* ContentView.swift */; };
		896BFEA923A105C9003DD4C1 /* Assets.xcassets in Resources */ = {isa = PBXBuildFile; fileRef = 896BFEA823A105C9003DD4C1 /* Assets.xcassets */; };
		896BFEAC23A105C9003DD4C1 /* Preview Assets.xcassets in Resources */ = {isa = PBXBuildFile; fileRef = 896BFEAB23A105C9003DD4C1 /* Preview Assets.xcassets */; };
		896BFEAF23A105C9003DD4C1 /* LaunchScreen.storyboard in Resources */ = {isa = PBXBuildFile; fileRef = 896BFEAD23A105C9003DD4C1 /* LaunchScreen.storyboard */; };
		89A1EF9C23A38CD50048C786 /* SamplePackage in Frameworks */ = {isa = PBXBuildFile; productRef = 89A1EF9B23A38CD50048C786 /* SamplePackage */; };
/* End PBXBuildFile section */

/* Begin PBXFileReference section */
		896BFE9F23A105C3003DD4C1 /* HotProspects.app */ = {isa = PBXFileReference; explicitFileType = wrapper.application; includeInIndex = 0; path = HotProspects.app; sourceTree = BUILT_PRODUCTS_DIR; };
		896BFEA223A105C3003DD4C1 /* AppDelegate.swift */ = {isa = PBXFileReference; lastKnownFileType = sourcecode.swift; path = AppDelegate.swift; sourceTree = "<group>"; };
		896BFEA423A105C3003DD4C1 /* SceneDelegate.swift */ = {isa = PBXFileReference; lastKnownFileType = sourcecode.swift; path = SceneDelegate.swift; sourceTree = "<group>"; };
		896BFEA623A105C3003DD4C1 /* ContentView.swift */ = {isa = PBXFileReference; lastKnownFileType = sourcecode.swift; path = ContentView.swift; sourceTree = "<group>"; };
		896BFEA823A105C9003DD4C1 /* Assets.xcassets */ = {isa = PBXFileReference; lastKnownFileType = folder.assetcatalog; path = Assets.xcassets; sourceTree = "<group>"; };
		896BFEAB23A105C9003DD4C1 /* Preview Assets.xcassets */ = {isa = PBXFileReference; lastKnownFileType = folder.assetcatalog; path = "Preview Assets.xcassets"; sourceTree = "<group>"; };
		896BFEAE23A105C9003DD4C1 /* Base */ = {isa = PBXFileReference; lastKnownFileType = file.storyboard; name = Base; path = Base.lproj/LaunchScreen.storyboard; sourceTree = "<group>"; };
		896BFEB023A105C9003DD4C1 /* Info.plist */ = {isa = PBXFileReference; lastKnownFileType = text.plist.xml; path = Info.plist; sourceTree = "<group>"; };
/* End PBXFileReference section */

/* Begin PBXFrameworksBuildPhase section */
		896BFE9C23A105C2003DD4C1 /* Frameworks */ = {
			isa = PBXFrameworksBuildPhase;
			buildActionMask = 2147483647;
			files = (
				89A1EF9C23A38CD50048C786 /* SamplePackage in Frameworks */,
			);
			runOnlyForDeploymentPostprocessing = 0;
		};
/* End PBXFrameworksBuildPhase section */

/* Begin PBXGroup section */
		896BFE9623A105C2003DD4C1 = {
			isa = PBXGroup;
			children = (
				896BFEA123A105C3003DD4C1 /* HotProspects */,
				896BFEA023A105C3003DD4C1 /* Products */,
			);
			sourceTree = "<group>";
		};
		896BFEA023A105C3003DD4C1 /* Products */ = {
			isa = PBXGroup;
			children = (
				896BFE9F23A105C3003DD4C1 /* HotProspects.app */,
			);
			name = Products;
			sourceTree = "<group>";
		};
		896BFEA123A105C3003DD4C1 /* HotProspects */ = {
			isa = PBXGroup;
			children = (
				896BFEA223A105C3003DD4C1 /* AppDelegate.swift */,
				896BFEA423A105C3003DD4C1 /* SceneDelegate.swift */,
				896BFEA623A105C3003DD4C1 /* ContentView.swift */,
				896BFEA823A105C9003DD4C1 /* Assets.xcassets */,
				896BFEAD23A105C9003DD4C1 /* LaunchScreen.storyboard */,
				896BFEB023A105C9003DD4C1 /* Info.plist */,
				896BFEAA23A105C9003DD4C1 /* Preview Content */,
			);
			path = HotProspects;
			sourceTree = "<group>";
		};
		896BFEAA23A105C9003DD4C1 /* Preview Content */ = {
			isa = PBXGroup;
			children = (
				896BFEAB23A105C9003DD4C1 /* Preview Assets.xcassets */,
			);
			path = "Preview Content";
			sourceTree = "<group>";
		};
/* End PBXGroup section */

/* Begin PBXNativeTarget section */
		896BFE9E23A105C2003DD4C1 /* HotProspects */ = {
			isa = PBXNativeTarget;
			buildConfigurationList = 896BFEB323A105C9003DD4C1 /* Build configuration list for PBXNativeTarget "HotProspects" */;
			buildPhases = (
				896BFE9B23A105C2003DD4C1 /* Sources */,
				896BFE9C23A105C2003DD4C1 /* Frameworks */,
				896BFE9D23A105C2003DD4C1 /* Resources */,
			);
			buildRules = (
			);
			dependencies = (
			);
			name = HotProspects;
			packageProductDependencies = (
				89A1EF9B23A38CD50048C786 /* SamplePackage */,
			);
			productName = HotProspects;
			productReference = 896BFE9F23A105C3003DD4C1 /* HotProspects.app */;
			productType = "com.apple.product-type.application";
		};
/* End PBXNativeTarget section */

/* Begin PBXProject section */
		896BFE9723A105C2003DD4C1 /* Project object */ = {
			isa = PBXProject;
			attributes = {
				LastSwiftUpdateCheck = 1120;
				LastUpgradeCheck = 1120;
				ORGANIZATIONNAME = "Mihai Leonte";
				TargetAttributes = {
					896BFE9E23A105C2003DD4C1 = {
						CreatedOnToolsVersion = 11.2.1;
					};
				};
			};
			buildConfigurationList = 896BFE9A23A105C2003DD4C1 /* Build configuration list for PBXProject "HotProspects" */;
			compatibilityVersion = "Xcode 9.3";
			developmentRegion = en;
			hasScannedForEncodings = 0;
			knownRegions = (
				en,
				Base,
			);
			mainGroup = 896BFE9623A105C2003DD4C1;
			packageReferences = (
				89A1EF9A23A38CD50048C786 /* XCRemoteSwiftPackageReference "SamplePackage" */,
			);
			productRefGroup = 896BFEA023A105C3003DD4C1 /* Products */;
			projectDirPath = "";
			projectRoot = "";
			targets = (
				896BFE9E23A105C2003DD4C1 /* HotProspects */,
			);
		};
/* End PBXProject section */

/* Begin PBXResourcesBuildPhase section */
		896BFE9D23A105C2003DD4C1 /* Resources */ = {
			isa = PBXResourcesBuildPhase;
			buildActionMask = 2147483647;
			files = (
				896BFEAF23A105C9003DD4C1 /* LaunchScreen.storyboard in Resources */,
				896BFEAC23A105C9003DD4C1 /* Preview Assets.xcassets in Resources */,
				896BFEA923A105C9003DD4C1 /* Assets.xcassets in Resources */,
			);
			runOnlyForDeploymentPostprocessing = 0;
		};
/* End PBXResourcesBuildPhase section */

/* Begin PBXSourcesBuildPhase section */
		896BFE9B23A105C2003DD4C1 /* Sources */ = {
			isa = PBXSourcesBuildPhase;
			buildActionMask = 2147483647;
			files = (
				896BFEA323A105C3003DD4C1 /* AppDelegate.swift in Sources */,
				896BFEA523A105C3003DD4C1 /* SceneDelegate.swift in Sources */,
				896BFEA723A105C3003DD4C1 /* ContentView.swift in Sources */,
			);
			runOnlyForDeploymentPostprocessing = 0;
		};
/* End PBXSourcesBuildPhase section */

/* Begin PBXVariantGroup section */
		896BFEAD23A105C9003DD4C1 /* LaunchScreen.storyboard */ = {
			isa = PBXVariantGroup;
			children = (
				896BFEAE23A105C9003DD4C1 /* Base */,
			);
			name = LaunchScreen.storyboard;
			sourceTree = "<group>";
		};
/* End PBXVariantGroup section */

/* Begin XCBuildConfiguration section */
		896BFEB123A105C9003DD4C1 /* Debug */ = {
			isa = XCBuildConfiguration;
			buildSettings = {
				ALWAYS_SEARCH_USER_PATHS = NO;
				CLANG_ANALYZER_NONNULL = YES;
				CLANG_ANALYZER_NUMBER_OBJECT_CONVERSION = YES_AGGRESSIVE;
				CLANG_CXX_LANGUAGE_STANDARD = "gnu++14";
				CLANG_CXX_LIBRARY = "libc++";
				CLANG_ENABLE_MODULES = YES;
				CLANG_ENABLE_OBJC_ARC = YES;
				CLANG_ENABLE_OBJC_WEAK = YES;
				CLANG_WARN_BLOCK_CAPTURE_AUTORELEASING = YES;
				CLANG_WARN_BOOL_CONVERSION = YES;
				CLANG_WARN_COMMA = YES;
				CLANG_WARN_CONSTANT_CONVERSION = YES;
				CLANG_WARN_DEPRECATED_OBJC_IMPLEMENTATIONS = YES;
				CLANG_WARN_DIRECT_OBJC_ISA_USAGE = YES_ERROR;
				CLANG_WARN_DOCUMENTATION_COMMENTS = YES;
				CLANG_WARN_EMPTY_BODY = YES;
				CLANG_WARN_ENUM_CONVERSION = YES;
				CLANG_WARN_INFINITE_RECURSION = YES;
				CLANG_WARN_INT_CONVERSION = YES;
				CLANG_WARN_NON_LITERAL_NULL_CONVERSION = YES;
				CLANG_WARN_OBJC_IMPLICIT_RETAIN_SELF = YES;
				CLANG_WARN_OBJC_LITERAL_CONVERSION = YES;
				CLANG_WARN_OBJC_ROOT_CLASS = YES_ERROR;
				CLANG_WARN_RANGE_LOOP_ANALYSIS = YES;
				CLANG_WARN_STRICT_PROTOTYPES = YES;
				CLANG_WARN_SUSPICIOUS_MOVE = YES;
				CLANG_WARN_UNGUARDED_AVAILABILITY = YES_AGGRESSIVE;
				CLANG_WARN_UNREACHABLE_CODE = YES;
				CLANG_WARN__DUPLICATE_METHOD_MATCH = YES;
				COPY_PHASE_STRIP = NO;
				DEBUG_INFORMATION_FORMAT = dwarf;
				ENABLE_STRICT_OBJC_MSGSEND = YES;
				ENABLE_TESTABILITY = YES;
				GCC_C_LANGUAGE_STANDARD = gnu11;
				GCC_DYNAMIC_NO_PIC = NO;
				GCC_NO_COMMON_BLOCKS = YES;
				GCC_OPTIMIZATION_LEVEL = 0;
				GCC_PREPROCESSOR_DEFINITIONS = (
					"DEBUG=1",
					"$(inherited)",
				);
				GCC_WARN_64_TO_32_BIT_CONVERSION = YES;
				GCC_WARN_ABOUT_RETURN_TYPE = YES_ERROR;
				GCC_WARN_UNDECLARED_SELECTOR = YES;
				GCC_WARN_UNINITIALIZED_AUTOS = YES_AGGRESSIVE;
				GCC_WARN_UNUSED_FUNCTION = YES;
				GCC_WARN_UNUSED_VARIABLE = YES;
				IPHONEOS_DEPLOYMENT_TARGET = 13.2;
				MTL_ENABLE_DEBUG_INFO = INCLUDE_SOURCE;
				MTL_FAST_MATH = YES;
				ONLY_ACTIVE_ARCH = YES;
				SDKROOT = iphoneos;
				SWIFT_ACTIVE_COMPILATION_CONDITIONS = DEBUG;
				SWIFT_OPTIMIZATION_LEVEL = "-Onone";
			};
			name = Debug;
		};
		896BFEB223A105C9003DD4C1 /* Release */ = {
			isa = XCBuildConfiguration;
			buildSettings = {
				ALWAYS_SEARCH_USER_PATHS = NO;
				CLANG_ANALYZER_NONNULL = YES;
				CLANG_ANALYZER_NUMBER_OBJECT_CONVERSION = YES_AGGRESSIVE;
				CLANG_CXX_LANGUAGE_STANDARD = "gnu++14";
				CLANG_CXX_LIBRARY = "libc++";
				CLANG_ENABLE_MODULES = YES;
				CLANG_ENABLE_OBJC_ARC = YES;
				CLANG_ENABLE_OBJC_WEAK = YES;
				CLANG_WARN_BLOCK_CAPTURE_AUTORELEASING = YES;
				CLANG_WARN_BOOL_CONVERSION = YES;
				CLANG_WARN_COMMA = YES;
				CLANG_WARN_CONSTANT_CONVERSION = YES;
				CLANG_WARN_DEPRECATED_OBJC_IMPLEMENTATIONS = YES;
				CLANG_WARN_DIRECT_OBJC_ISA_USAGE = YES_ERROR;
				CLANG_WARN_DOCUMENTATION_COMMENTS = YES;
				CLANG_WARN_EMPTY_BODY = YES;
				CLANG_WARN_ENUM_CONVERSION = YES;
				CLANG_WARN_INFINITE_RECURSION = YES;
				CLANG_WARN_INT_CONVERSION = YES;
				CLANG_WARN_NON_LITERAL_NULL_CONVERSION = YES;
				CLANG_WARN_OBJC_IMPLICIT_RETAIN_SELF = YES;
				CLANG_WARN_OBJC_LITERAL_CONVERSION = YES;
				CLANG_WARN_OBJC_ROOT_CLASS = YES_ERROR;
				CLANG_WARN_RANGE_LOOP_ANALYSIS = YES;
				CLANG_WARN_STRICT_PROTOTYPES = YES;
				CLANG_WARN_SUSPICIOUS_MOVE = YES;
				CLANG_WARN_UNGUARDED_AVAILABILITY = YES_AGGRESSIVE;
				CLANG_WARN_UNREACHABLE_CODE = YES;
				CLANG_WARN__DUPLICATE_METHOD_MATCH = YES;
				COPY_PHASE_STRIP = NO;
				DEBUG_INFORMATION_FORMAT = "dwarf-with-dsym";
				ENABLE_NS_ASSERTIONS = NO;
				ENABLE_STRICT_OBJC_MSGSEND = YES;
				GCC_C_LANGUAGE_STANDARD = gnu11;
				GCC_NO_COMMON_BLOCKS = YES;
				GCC_WARN_64_TO_32_BIT_CONVERSION = YES;
				GCC_WARN_ABOUT_RETURN_TYPE = YES_ERROR;
				GCC_WARN_UNDECLARED_SELECTOR = YES;
				GCC_WARN_UNINITIALIZED_AUTOS = YES_AGGRESSIVE;
				GCC_WARN_UNUSED_FUNCTION = YES;
				GCC_WARN_UNUSED_VARIABLE = YES;
				IPHONEOS_DEPLOYMENT_TARGET = 13.2;
				MTL_ENABLE_DEBUG_INFO = NO;
				MTL_FAST_MATH = YES;
				SDKROOT = iphoneos;
				SWIFT_COMPILATION_MODE = wholemodule;
				SWIFT_OPTIMIZATION_LEVEL = "-O";
				VALIDATE_PRODUCT = YES;
			};
			name = Release;
		};
		896BFEB423A105C9003DD4C1 /* Debug */ = {
			isa = XCBuildConfiguration;
			buildSettings = {
				ASSETCATALOG_COMPILER_APPICON_NAME = AppIcon;
				CODE_SIGN_STYLE = Automatic;
				DEVELOPMENT_ASSET_PATHS = "\"HotProspects/Preview Content\"";
				DEVELOPMENT_TEAM = V7S7GB28P7;
				ENABLE_PREVIEWS = YES;
				INFOPLIST_FILE = HotProspects/Info.plist;
				LD_RUNPATH_SEARCH_PATHS = (
					"$(inherited)",
					"@executable_path/Frameworks",
				);
				PRODUCT_BUNDLE_IDENTIFIER = dev.leonte.swiftui.HotProspects;
				PRODUCT_NAME = "$(TARGET_NAME)";
				SWIFT_VERSION = 5.0;
				TARGETED_DEVICE_FAMILY = "1,2";
			};
			name = Debug;
		};
		896BFEB523A105C9003DD4C1 /* Release */ = {
			isa = XCBuildConfiguration;
			buildSettings = {
				ASSETCATALOG_COMPILER_APPICON_NAME = AppIcon;
				CODE_SIGN_STYLE = Automatic;
				DEVELOPMENT_ASSET_PATHS = "\"HotProspects/Preview Content\"";
				DEVELOPMENT_TEAM = V7S7GB28P7;
				ENABLE_PREVIEWS = YES;
				INFOPLIST_FILE = HotProspects/Info.plist;
				LD_RUNPATH_SEARCH_PATHS = (
					"$(inherited)",
					"@executable_path/Frameworks",
				);
				PRODUCT_BUNDLE_IDENTIFIER = dev.leonte.swiftui.HotProspects;
				PRODUCT_NAME = "$(TARGET_NAME)";
				SWIFT_VERSION = 5.0;
				TARGETED_DEVICE_FAMILY = "1,2";
			};
			name = Release;
		};
/* End XCBuildConfiguration section */

/* Begin XCConfigurationList section */
		896BFE9A23A105C2003DD4C1 /* Build configuration list for PBXProject "HotProspects" */ = {
			isa = XCConfigurationList;
			buildConfigurations = (
				896BFEB123A105C9003DD4C1 /* Debug */,
				896BFEB223A105C9003DD4C1 /* Release */,
			);
			defaultConfigurationIsVisible = 0;
			defaultConfigurationName = Release;
		};
		896BFEB323A105C9003DD4C1 /* Build configuration list for PBXNativeTarget "HotProspects" */ = {
			isa = XCConfigurationList;
			buildConfigurations = (
				896BFEB423A105C9003DD4C1 /* Debug */,
				896BFEB523A105C9003DD4C1 /* Release */,
			);
			defaultConfigurationIsVisible = 0;
			defaultConfigurationName = Release;
		};
/* End XCConfigurationList section */

/* Begin XCRemoteSwiftPackageReference section */
		89A1EF9A23A38CD50048C786 /* XCRemoteSwiftPackageReference "SamplePackage" */ = {
			isa = XCRemoteSwiftPackageReference;
			repositoryURL = "https://github.com/twostraws/SamplePackage";
			requirement = {
				kind = upToNextMajorVersion;
				minimumVersion = 1.0.0;
			};
		};
/* End XCRemoteSwiftPackageReference section */

/* Begin XCSwiftPackageProductDependency section */
		89A1EF9B23A38CD50048C786 /* SamplePackage */ = {
			isa = XCSwiftPackageProductDependency;
			package = 89A1EF9A23A38CD50048C786 /* XCRemoteSwiftPackageReference "SamplePackage" */;
			productName = SamplePackage;
		};
/* End XCSwiftPackageProductDependency section */
	};
	rootObject = 896BFE9723A105C2003DD4C1 /* Project object */;
}
